
Microsoft Visual Studio Solution File, Format Version 12.00
# Visual Studio 14
VisualStudioVersion = 14.0.25420.1
MinimumVisualStudioVersion = 10.0.40219.1
Project("{8BC9CEB8-8B4A-11D0-8D11-00A0C91BC942}") = "CLIshim", "CLIshim\CLIshim.vcxproj", "{C55079F5-5C05-44BB-B720-7F643EE4C681}"
EndProject
Project("{8BC9CEB8-8B4A-11D0-8D11-00A0C91BC942}") = "Sockets", "Sockets\Sockets.vcxproj", "{CA3129B8-1BF4-44C9-B116-53EC72D0BCCB}"
EndProject
Project("{8BC9CEB8-8B4A-11D0-8D11-00A0C91BC942}") = "HttpMessage", "HttpMessage\HttpMessage.vcxproj", "{3145A0F7-CEED-4551-A9F6-74AA9189BAAD}"
EndProject
Project("{8BC9CEB8-8B4A-11D0-8D11-00A0C91BC942}") = "Utilities", "Utilities\Utilities.vcxproj", "{462B43B2-8B13-4178-BF2A-903F76F1985C}"
EndProject
Project("{FAE04EC0-301F-11D3-BF4B-00C04F79EFBC}") = "HttpMessageCS", "..\P4 help\CSharpCliShim-WPF-App\HttpMessageCS\HttpMessageCS.csproj", "{BC992281-A0D3-4FDB-B35D-24E7AA190490}"
EndProject
Project("{8BC9CEB8-8B4A-11D0-8D11-00A0C91BC942}") = "FileSystem", "FileSystem\FileSystem.vcxproj", "{04CB7A5F-7472-4F19-9EA9-00B80063658C}"
EndProject
Project("{8BC9CEB8-8B4A-11D0-8D11-00A0C91BC942}") = "Cpp11-BlockingQueue", "Cpp11-BlockingQueue\Cpp11-BlockingQueue.vcxproj", "{9EFC55B0-E8E8-443D-920F-C09D0AF54185}"
EndProject
Project("{FAE04EC0-301F-11D3-BF4B-00C04F79EFBC}") = "ConsoleClient1", "ConsoleClient\ConsoleClient1.csproj", "{FC0DA24E-6FF1-410E-8D22-5F6602C662D3}"
EndProject
Project("{8BC9CEB8-8B4A-11D0-8D11-00A0C91BC942}") = "CommChannel", "CommChannel\CommChannel.vcxproj", "{CCEB57EC-253F-4C25-9B9F-05E3EFDE6EC7}"
EndProject
Project("{FAE04EC0-301F-11D3-BF4B-00C04F79EFBC}") = "ClientGUI", "ClientGUI\ClientGUI.csproj", "{6BA55DA4-488D-4BAF-A878-51452945D2E5}"
EndProject
Project("{FAE04EC0-301F-11D3-BF4B-00C04F79EFBC}") = "ConsoleClient2", "ConsoleClient2\ConsoleClient2.csproj", "{85E36B73-054A-4802-8A1E-D3ABE33CCE89}"
EndProject
Global
	GlobalSection(SolutionConfigurationPlatforms) = preSolution
		Debug|Any CPU = Debug|Any CPU
		Debug|x64 = Debug|x64
		Debug|x86 = Debug|x86
		Release|Any CPU = Release|Any CPU
		Release|x64 = Release|x64
		Release|x86 = Release|x86
	EndGlobalSection
	GlobalSection(ProjectConfigurationPlatforms) = postSolution
		{C55079F5-5C05-44BB-B720-7F643EE4C681}.Debug|Any CPU.ActiveCfg = Debug|Win32
		{C55079F5-5C05-44BB-B720-7F643EE4C681}.Debug|x64.ActiveCfg = Debug|x64
		{C55079F5-5C05-44BB-B720-7F643EE4C681}.Debug|x64.Build.0 = Debug|x64
		{C55079F5-5C05-44BB-B720-7F643EE4C681}.Debug|x86.ActiveCfg = Debug|Win32
		{C55079F5-5C05-44BB-B720-7F643EE4C681}.Debug|x86.Build.0 = Debug|Win32
		{C55079F5-5C05-44BB-B720-7F643EE4C681}.Release|Any CPU.ActiveCfg = Release|Win32
		{C55079F5-5C05-44BB-B720-7F643EE4C681}.Release|x64.ActiveCfg = Release|x64
		{C55079F5-5C05-44BB-B720-7F643EE4C681}.Release|x64.Build.0 = Release|x64
		{C55079F5-5C05-44BB-B720-7F643EE4C681}.Release|x86.ActiveCfg = Release|Win32
		{C55079F5-5C05-44BB-B720-7F643EE4C681}.Release|x86.Build.0 = Release|Win32
		{CA3129B8-1BF4-44C9-B116-53EC72D0BCCB}.Debug|Any CPU.ActiveCfg = Debug|Win32
		{CA3129B8-1BF4-44C9-B116-53EC72D0BCCB}.Debug|x64.ActiveCfg = Debug|Win32
		{CA3129B8-1BF4-44C9-B116-53EC72D0BCCB}.Debug|x86.ActiveCfg = Debug|Win32
		{CA3129B8-1BF4-44C9-B116-53EC72D0BCCB}.Debug|x86.Build.0 = Debug|Win32
		{CA3129B8-1BF4-44C9-B116-53EC72D0BCCB}.Release|Any CPU.ActiveCfg = Release|Win32
		{CA3129B8-1BF4-44C9-B116-53EC72D0BCCB}.Release|x64.ActiveCfg = Release|Win32
		{CA3129B8-1BF4-44C9-B116-53EC72D0BCCB}.Release|x86.ActiveCfg = Release|Win32
		{CA3129B8-1BF4-44C9-B116-53EC72D0BCCB}.Release|x86.Build.0 = Release|Win32
		{3145A0F7-CEED-4551-A9F6-74AA9189BAAD}.Debug|Any CPU.ActiveCfg = Debug|Win32
		{3145A0F7-CEED-4551-A9F6-74AA9189BAAD}.Debug|x64.ActiveCfg = Debug|x64
		{3145A0F7-CEED-4551-A9F6-74AA9189BAAD}.Debug|x64.Build.0 = Debug|x64
		{3145A0F7-CEED-4551-A9F6-74AA9189BAAD}.Debug|x86.ActiveCfg = Debug|Win32
		{3145A0F7-CEED-4551-A9F6-74AA9189BAAD}.Debug|x86.Build.0 = Debug|Win32
		{3145A0F7-CEED-4551-A9F6-74AA9189BAAD}.Release|Any CPU.ActiveCfg = Release|Win32
		{3145A0F7-CEED-4551-A9F6-74AA9189BAAD}.Release|x64.ActiveCfg = Release|x64
		{3145A0F7-CEED-4551-A9F6-74AA9189BAAD}.Release|x64.Build.0 = Release|x64
		{3145A0F7-CEED-4551-A9F6-74AA9189BAAD}.Release|x86.ActiveCfg = Release|Win32
		{3145A0F7-CEED-4551-A9F6-74AA9189BAAD}.Release|x86.Build.0 = Release|Win32
		{462B43B2-8B13-4178-BF2A-903F76F1985C}.Debug|Any CPU.ActiveCfg = Debug|Win32
		{462B43B2-8B13-4178-BF2A-903F76F1985C}.Debug|x64.ActiveCfg = Debug|x64
		{462B43B2-8B13-4178-BF2A-903F76F1985C}.Debug|x64.Build.0 = Debug|x64
		{462B43B2-8B13-4178-BF2A-903F76F1985C}.Debug|x86.ActiveCfg = Debug|Win32
		{462B43B2-8B13-4178-BF2A-903F76F1985C}.Debug|x86.Build.0 = Debug|Win32
		{462B43B2-8B13-4178-BF2A-903F76F1985C}.Release|Any CPU.ActiveCfg = Release|Win32
		{462B43B2-8B13-4178-BF2A-903F76F1985C}.Release|x64.ActiveCfg = Release|x64
		{462B43B2-8B13-4178-BF2A-903F76F1985C}.Release|x64.Build.0 = Release|x64
		{462B43B2-8B13-4178-BF2A-903F76F1985C}.Release|x86.ActiveCfg = Release|Win32
		{462B43B2-8B13-4178-BF2A-903F76F1985C}.Release|x86.Build.0 = Release|Win32
		{BC992281-A0D3-4FDB-B35D-24E7AA190490}.Debug|Any CPU.ActiveCfg = Debug|Any CPU
		{BC992281-A0D3-4FDB-B35D-24E7AA190490}.Debug|Any CPU.Build.0 = Debug|Any CPU
		{BC992281-A0D3-4FDB-B35D-24E7AA190490}.Debug|x64.ActiveCfg = Debug|Any CPU
		{BC992281-A0D3-4FDB-B35D-24E7AA190490}.Debug|x64.Build.0 = Debug|Any CPU
		{BC992281-A0D3-4FDB-B35D-24E7AA190490}.Debug|x86.ActiveCfg = Debug|Any CPU
		{BC992281-A0D3-4FDB-B35D-24E7AA190490}.Debug|x86.Build.0 = Debug|Any CPU
		{BC992281-A0D3-4FDB-B35D-24E7AA190490}.Release|Any CPU.ActiveCfg = Release|Any CPU
		{BC992281-A0D3-4FDB-B35D-24E7AA190490}.Release|Any CPU.Build.0 = Release|Any CPU
		{BC992281-A0D3-4FDB-B35D-24E7AA190490}.Release|x64.ActiveCfg = Release|Any CPU
		{BC992281-A0D3-4FDB-B35D-24E7AA190490}.Release|x64.Build.0 = Release|Any CPU
		{BC992281-A0D3-4FDB-B35D-24E7AA190490}.Release|x86.ActiveCfg = Release|Any CPU
		{BC992281-A0D3-4FDB-B35D-24E7AA190490}.Release|x86.Build.0 = Release|Any CPU
		{04CB7A5F-7472-4F19-9EA9-00B80063658C}.Debug|Any CPU.ActiveCfg = Debug|Win32
		{04CB7A5F-7472-4F19-9EA9-00B80063658C}.Debug|x64.ActiveCfg = Debug|x64
		{04CB7A5F-7472-4F19-9EA9-00B80063658C}.Debug|x64.Build.0 = Debug|x64
		{04CB7A5F-7472-4F19-9EA9-00B80063658C}.Debug|x86.ActiveCfg = Debug|Win32
		{04CB7A5F-7472-4F19-9EA9-00B80063658C}.Debug|x86.Build.0 = Debug|Win32
		{04CB7A5F-7472-4F19-9EA9-00B80063658C}.Release|Any CPU.ActiveCfg = Release|Win32
		{04CB7A5F-7472-4F19-9EA9-00B80063658C}.Release|x64.ActiveCfg = Release|x64
		{04CB7A5F-7472-4F19-9EA9-00B80063658C}.Release|x64.Build.0 = Release|x64
		{04CB7A5F-7472-4F19-9EA9-00B80063658C}.Release|x86.ActiveCfg = Release|Win32
		{04CB7A5F-7472-4F19-9EA9-00B80063658C}.Release|x86.Build.0 = Release|Win32
		{9EFC55B0-E8E8-443D-920F-C09D0AF54185}.Debug|Any CPU.ActiveCfg = Debug|Win32
		{9EFC55B0-E8E8-443D-920F-C09D0AF54185}.Debug|x64.ActiveCfg = Debug|x64
		{9EFC55B0-E8E8-443D-920F-C09D0AF54185}.Debug|x64.Build.0 = Debug|x64
		{9EFC55B0-E8E8-443D-920F-C09D0AF54185}.Debug|x86.ActiveCfg = Debug|Win32
		{9EFC55B0-E8E8-443D-920F-C09D0AF54185}.Debug|x86.Build.0 = Debug|Win32
		{9EFC55B0-E8E8-443D-920F-C09D0AF54185}.Release|Any CPU.ActiveCfg = Release|Win32
		{9EFC55B0-E8E8-443D-920F-C09D0AF54185}.Release|x64.ActiveCfg = Release|x64
		{9EFC55B0-E8E8-443D-920F-C09D0AF54185}.Release|x64.Build.0 = Release|x64
		{9EFC55B0-E8E8-443D-920F-C09D0AF54185}.Release|x86.ActiveCfg = Release|Win32
		{9EFC55B0-E8E8-443D-920F-C09D0AF54185}.Release|x86.Build.0 = Release|Win32
		{FC0DA24E-6FF1-410E-8D22-5F6602C662D3}.Debug|Any CPU.ActiveCfg = Debug|Any CPU
		{FC0DA24E-6FF1-410E-8D22-5F6602C662D3}.Debug|Any CPU.Build.0 = Debug|Any CPU
		{FC0DA24E-6FF1-410E-8D22-5F6602C662D3}.Debug|x64.ActiveCfg = Debug|Any CPU
		{FC0DA24E-6FF1-410E-8D22-5F6602C662D3}.Debug|x64.Build.0 = Debug|Any CPU
		{FC0DA24E-6FF1-410E-8D22-5F6602C662D3}.Debug|x86.ActiveCfg = Debug|Any CPU
		{FC0DA24E-6FF1-410E-8D22-5F6602C662D3}.Debug|x86.Build.0 = Debug|Any CPU
		{FC0DA24E-6FF1-410E-8D22-5F6602C662D3}.Release|Any CPU.ActiveCfg = Release|Any CPU
		{FC0DA24E-6FF1-410E-8D22-5F6602C662D3}.Release|Any CPU.Build.0 = Release|Any CPU
		{FC0DA24E-6FF1-410E-8D22-5F6602C662D3}.Release|x64.ActiveCfg = Release|Any CPU
		{FC0DA24E-6FF1-410E-8D22-5F6602C662D3}.Release|x64.Build.0 = Release|Any CPU
		{FC0DA24E-6FF1-410E-8D22-5F6602C662D3}.Release|x86.ActiveCfg = Release|Any CPU
		{FC0DA24E-6FF1-410E-8D22-5F6602C662D3}.Release|x86.Build.0 = Release|Any CPU
		{CCEB57EC-253F-4C25-9B9F-05E3EFDE6EC7}.Debug|Any CPU.ActiveCfg = Debug|Win32
		{CCEB57EC-253F-4C25-9B9F-05E3EFDE6EC7}.Debug|x64.ActiveCfg = Debug|x64
		{CCEB57EC-253F-4C25-9B9F-05E3EFDE6EC7}.Debug|x64.Build.0 = Debug|x64
		{CCEB57EC-253F-4C25-9B9F-05E3EFDE6EC7}.Debug|x86.ActiveCfg = Debug|Win32
		{CCEB57EC-253F-4C25-9B9F-05E3EFDE6EC7}.Debug|x86.Build.0 = Debug|Win32
		{CCEB57EC-253F-4C25-9B9F-05E3EFDE6EC7}.Release|Any CPU.ActiveCfg = Release|Win32
		{CCEB57EC-253F-4C25-9B9F-05E3EFDE6EC7}.Release|x64.ActiveCfg = Release|x64
		{CCEB57EC-253F-4C25-9B9F-05E3EFDE6EC7}.Release|x64.Build.0 = Release|x64
		{CCEB57EC-253F-4C25-9B9F-05E3EFDE6EC7}.Release|x86.ActiveCfg = Release|Win32
		{CCEB57EC-253F-4C25-9B9F-05E3EFDE6EC7}.Release|x86.Build.0 = Release|Win32
		{6BA55DA4-488D-4BAF-A878-51452945D2E5}.Debug|Any CPU.ActiveCfg = Debug|Any CPU
		{6BA55DA4-488D-4BAF-A878-51452945D2E5}.Debug|Any CPU.Build.0 = Debug|Any CPU
		{6BA55DA4-488D-4BAF-A878-51452945D2E5}.Debug|x64.ActiveCfg = Debug|Any CPU
		{6BA55DA4-488D-4BAF-A878-51452945D2E5}.Debug|x64.Build.0 = Debug|Any CPU
		{6BA55DA4-488D-4BAF-A878-51452945D2E5}.Debug|x86.ActiveCfg = Debug|Any CPU
		{6BA55DA4-488D-4BAF-A878-51452945D2E5}.Debug|x86.Build.0 = Debug|Any CPU
		{6BA55DA4-488D-4BAF-A878-51452945D2E5}.Release|Any CPU.ActiveCfg = Release|Any CPU
		{6BA55DA4-488D-4BAF-A878-51452945D2E5}.Release|Any CPU.Build.0 = Release|Any CPU
		{6BA55DA4-488D-4BAF-A878-51452945D2E5}.Release|x64.ActiveCfg = Release|Any CPU
		{6BA55DA4-488D-4BAF-A878-51452945D2E5}.Release|x64.Build.0 = Release|Any CPU
		{6BA55DA4-488D-4BAF-A878-51452945D2E5}.Release|x86.ActiveCfg = Release|Any CPU
		{6BA55DA4-488D-4BAF-A878-51452945D2E5}.Release|x86.Build.0 = Release|Any CPU
		{85E36B73-054A-4802-8A1E-D3ABE33CCE89}.Debug|Any CPU.ActiveCfg = Debug|Any CPU
		{85E36B73-054A-4802-8A1E-D3ABE33CCE89}.Debug|Any CPU.Build.0 = Debug|Any CPU
		{85E36B73-054A-4802-8A1E-D3ABE33CCE89}.Debug|x64.ActiveCfg = Debug|Any CPU
		{85E36B73-054A-4802-8A1E-D3ABE33CCE89}.Debug|x64.Build.0 = Debug|Any CPU
		{85E36B73-054A-4802-8A1E-D3ABE33CCE89}.Debug|x86.ActiveCfg = Debug|Any CPU
		{85E36B73-054A-4802-8A1E-D3ABE33CCE89}.Debug|x86.Build.0 = Debug|Any CPU
		{85E36B73-054A-4802-8A1E-D3ABE33CCE89}.Release|Any CPU.ActiveCfg = Release|Any CPU
		{85E36B73-054A-4802-8A1E-D3ABE33CCE89}.Release|Any CPU.Build.0 = Release|Any CPU
		{85E36B73-054A-4802-8A1E-D3ABE33CCE89}.Release|x64.ActiveCfg = Release|Any CPU
		{85E36B73-054A-4802-8A1E-D3ABE33CCE89}.Release|x64.Build.0 = Release|Any CPU
		{85E36B73-054A-4802-8A1E-D3ABE33CCE89}.Release|x86.ActiveCfg = Release|Any CPU
		{85E36B73-054A-4802-8A1E-D3ABE33CCE89}.Release|x86.Build.0 = Release|Any CPU
	EndGlobalSection
	GlobalSection(SolutionProperties) = preSolution
		HideSolutionNode = FALSE
	EndGlobalSection
EndGlobal
